// !$*UTF8*$!
{
	archiveVersion = 1;
	classes = {
	};
	objectVersion = 50;
	objects = {

/* Begin PBXBuildFile section */
		CE113569271C4A22000B8812 /* RequestAccessTokenInput.swift in Sources */ = {isa = PBXBuildFile; fileRef = CE113568271C4A22000B8812 /* RequestAccessTokenInput.swift */; };
		CE17E90D270AE4130005E810 /* FlickrOauthApi.swift in Sources */ = {isa = PBXBuildFile; fileRef = CE17E90C270AE4130005E810 /* FlickrOauthApi.swift */; };
		CE17E91C270B49110005E810 /* OauthHelper.swift in Sources */ = {isa = PBXBuildFile; fileRef = CE17E91B270B49110005E810 /* OauthHelper.swift */; };
		CE17E92F270B505A0005E810 /* ExternalAccessory.framework in Frameworks */ = {isa = PBXBuildFile; fileRef = CE17E92E270B505A0005E810 /* ExternalAccessory.framework */; };
		CE341E4A2705E6F20058624D /* FlickrOauthService.swift in Sources */ = {isa = PBXBuildFile; fileRef = CE341E492705E6F20058624D /* FlickrOauthService.swift */; };
		CE8B2E2E2716EAC900666498 /* EndpointApi.swift in Sources */ = {isa = PBXBuildFile; fileRef = CE8B2E2D2716EAC900666498 /* EndpointApi.swift */; };
		CEBC9A082719AE19001DD73A /* FlickrOauthMapper.swift in Sources */ = {isa = PBXBuildFile; fileRef = CEBC9A072719AE19001DD73A /* FlickrOauthMapper.swift */; };
		CEE0441927058D57007A0D1F /* AppDelegate.swift in Sources */ = {isa = PBXBuildFile; fileRef = CEE0441827058D57007A0D1F /* AppDelegate.swift */; };
		CEE0441B27058D57007A0D1F /* SceneDelegate.swift in Sources */ = {isa = PBXBuildFile; fileRef = CEE0441A27058D57007A0D1F /* SceneDelegate.swift */; };
		CEE0441D27058D57007A0D1F /* ViewController.swift in Sources */ = {isa = PBXBuildFile; fileRef = CEE0441C27058D57007A0D1F /* ViewController.swift */; };
		CEE0442027058D57007A0D1F /* Main.storyboard in Resources */ = {isa = PBXBuildFile; fileRef = CEE0441E27058D57007A0D1F /* Main.storyboard */; };
		CEE0442227058D57007A0D1F /* Assets.xcassets in Resources */ = {isa = PBXBuildFile; fileRef = CEE0442127058D57007A0D1F /* Assets.xcassets */; };
		CEE0442527058D57007A0D1F /* LaunchScreen.storyboard in Resources */ = {isa = PBXBuildFile; fileRef = CEE0442327058D57007A0D1F /* LaunchScreen.storyboard */; };
		CEE0443027058D58007A0D1F /* flickrTests.swift in Sources */ = {isa = PBXBuildFile; fileRef = CEE0442F27058D58007A0D1F /* flickrTests.swift */; };
		CEE0443B27058D58007A0D1F /* flickrUITests.swift in Sources */ = {isa = PBXBuildFile; fileRef = CEE0443A27058D58007A0D1F /* flickrUITests.swift */; };
		CEE2ACEE27219987009969E7 /* FlickrService.swift in Sources */ = {isa = PBXBuildFile; fileRef = CEE2ACED27219987009969E7 /* FlickrService.swift */; };
		CEE2ACF72721A3A3009969E7 /* FlickrPhotosInfoResponse.swift in Sources */ = {isa = PBXBuildFile; fileRef = CEE2ACF62721A3A3009969E7 /* FlickrPhotosInfoResponse.swift */; };
		CEE2ACFF2721A3EB009969E7 /* FlickrPhotosResponse.swift in Sources */ = {isa = PBXBuildFile; fileRef = CEE2ACFE2721A3EB009969E7 /* FlickrPhotosResponse.swift */; };
/* End PBXBuildFile section */

/* Begin PBXContainerItemProxy section */
		CEE0442C27058D58007A0D1F /* PBXContainerItemProxy */ = {
			isa = PBXContainerItemProxy;
			containerPortal = CEE0440D27058D57007A0D1F /* Project object */;
			proxyType = 1;
			remoteGlobalIDString = CEE0441427058D57007A0D1F;
			remoteInfo = flickr;
		};
		CEE0443727058D58007A0D1F /* PBXContainerItemProxy */ = {
			isa = PBXContainerItemProxy;
			containerPortal = CEE0440D27058D57007A0D1F /* Project object */;
			proxyType = 1;
			remoteGlobalIDString = CEE0441427058D57007A0D1F;
			remoteInfo = flickr;
		};
/* End PBXContainerItemProxy section */

/* Begin PBXFileReference section */
		CE113568271C4A22000B8812 /* RequestAccessTokenInput.swift */ = {isa = PBXFileReference; lastKnownFileType = sourcecode.swift; path = RequestAccessTokenInput.swift; sourceTree = "<group>"; };
		CE17E90C270AE4130005E810 /* FlickrOauthApi.swift */ = {isa = PBXFileReference; lastKnownFileType = sourcecode.swift; path = FlickrOauthApi.swift; sourceTree = "<group>"; };
		CE17E91B270B49110005E810 /* OauthHelper.swift */ = {isa = PBXFileReference; lastKnownFileType = sourcecode.swift; path = OauthHelper.swift; sourceTree = "<group>"; };
		CE17E92C270B505A0005E810 /* flickrRelease.entitlements */ = {isa = PBXFileReference; lastKnownFileType = text.plist.entitlements; path = flickrRelease.entitlements; sourceTree = "<group>"; };
		CE17E92E270B505A0005E810 /* ExternalAccessory.framework */ = {isa = PBXFileReference; lastKnownFileType = wrapper.framework; name = ExternalAccessory.framework; path = System/Library/Frameworks/ExternalAccessory.framework; sourceTree = SDKROOT; };
		CE17E933270B50620005E810 /* flickr.entitlements */ = {isa = PBXFileReference; lastKnownFileType = text.plist.entitlements; path = flickr.entitlements; sourceTree = "<group>"; };
		CE341E492705E6F20058624D /* FlickrOauthService.swift */ = {isa = PBXFileReference; lastKnownFileType = sourcecode.swift; path = FlickrOauthService.swift; sourceTree = "<group>"; };
		CE8B2E2D2716EAC900666498 /* EndpointApi.swift */ = {isa = PBXFileReference; lastKnownFileType = sourcecode.swift; path = EndpointApi.swift; sourceTree = "<group>"; };
		CEBC9A072719AE19001DD73A /* FlickrOauthMapper.swift */ = {isa = PBXFileReference; lastKnownFileType = sourcecode.swift; path = FlickrOauthMapper.swift; sourceTree = "<group>"; };
		CEE0441527058D57007A0D1F /* flickr.app */ = {isa = PBXFileReference; explicitFileType = wrapper.application; includeInIndex = 0; path = flickr.app; sourceTree = BUILT_PRODUCTS_DIR; };
		CEE0441827058D57007A0D1F /* AppDelegate.swift */ = {isa = PBXFileReference; lastKnownFileType = sourcecode.swift; path = AppDelegate.swift; sourceTree = "<group>"; };
		CEE0441A27058D57007A0D1F /* SceneDelegate.swift */ = {isa = PBXFileReference; lastKnownFileType = sourcecode.swift; path = SceneDelegate.swift; sourceTree = "<group>"; };
		CEE0441C27058D57007A0D1F /* ViewController.swift */ = {isa = PBXFileReference; lastKnownFileType = sourcecode.swift; path = ViewController.swift; sourceTree = "<group>"; };
		CEE0441F27058D57007A0D1F /* Base */ = {isa = PBXFileReference; lastKnownFileType = file.storyboard; name = Base; path = Base.lproj/Main.storyboard; sourceTree = "<group>"; };
		CEE0442127058D57007A0D1F /* Assets.xcassets */ = {isa = PBXFileReference; lastKnownFileType = folder.assetcatalog; path = Assets.xcassets; sourceTree = "<group>"; };
		CEE0442427058D57007A0D1F /* Base */ = {isa = PBXFileReference; lastKnownFileType = file.storyboard; name = Base; path = Base.lproj/LaunchScreen.storyboard; sourceTree = "<group>"; };
		CEE0442627058D57007A0D1F /* Info.plist */ = {isa = PBXFileReference; lastKnownFileType = text.plist.xml; path = Info.plist; sourceTree = "<group>"; };
		CEE0442B27058D58007A0D1F /* flickrTests.xctest */ = {isa = PBXFileReference; explicitFileType = wrapper.cfbundle; includeInIndex = 0; path = flickrTests.xctest; sourceTree = BUILT_PRODUCTS_DIR; };
		CEE0442F27058D58007A0D1F /* flickrTests.swift */ = {isa = PBXFileReference; lastKnownFileType = sourcecode.swift; path = flickrTests.swift; sourceTree = "<group>"; };
		CEE0443127058D58007A0D1F /* Info.plist */ = {isa = PBXFileReference; lastKnownFileType = text.plist.xml; path = Info.plist; sourceTree = "<group>"; };
		CEE0443627058D58007A0D1F /* flickrUITests.xctest */ = {isa = PBXFileReference; explicitFileType = wrapper.cfbundle; includeInIndex = 0; path = flickrUITests.xctest; sourceTree = BUILT_PRODUCTS_DIR; };
		CEE0443A27058D58007A0D1F /* flickrUITests.swift */ = {isa = PBXFileReference; lastKnownFileType = sourcecode.swift; path = flickrUITests.swift; sourceTree = "<group>"; };
		CEE0443C27058D58007A0D1F /* Info.plist */ = {isa = PBXFileReference; lastKnownFileType = text.plist.xml; path = Info.plist; sourceTree = "<group>"; };
		CEE2ACED27219987009969E7 /* FlickrService.swift */ = {isa = PBXFileReference; lastKnownFileType = sourcecode.swift; path = FlickrService.swift; sourceTree = "<group>"; };
		CEE2ACF62721A3A3009969E7 /* FlickrPhotosInfoResponse.swift */ = {isa = PBXFileReference; lastKnownFileType = sourcecode.swift; path = FlickrPhotosInfoResponse.swift; sourceTree = "<group>"; };
		CEE2ACFE2721A3EB009969E7 /* FlickrPhotosResponse.swift */ = {isa = PBXFileReference; lastKnownFileType = sourcecode.swift; path = FlickrPhotosResponse.swift; sourceTree = "<group>"; };
/* End PBXFileReference section */

/* Begin PBXFrameworksBuildPhase section */
		CEE0441227058D57007A0D1F /* Frameworks */ = {
			isa = PBXFrameworksBuildPhase;
			buildActionMask = 2147483647;
			files = (
				CE17E92F270B505A0005E810 /* ExternalAccessory.framework in Frameworks */,
			);
			runOnlyForDeploymentPostprocessing = 0;
		};
		CEE0442827058D58007A0D1F /* Frameworks */ = {
			isa = PBXFrameworksBuildPhase;
			buildActionMask = 2147483647;
			files = (
			);
			runOnlyForDeploymentPostprocessing = 0;
		};
		CEE0443327058D58007A0D1F /* Frameworks */ = {
			isa = PBXFrameworksBuildPhase;
			buildActionMask = 2147483647;
			files = (
			);
			runOnlyForDeploymentPostprocessing = 0;
		};
/* End PBXFrameworksBuildPhase section */

/* Begin PBXGroup section */
		CE11356D271C4A29000B8812 /* model */ = {
			isa = PBXGroup;
			children = (
				CE113568271C4A22000B8812 /* RequestAccessTokenInput.swift */,
			);
			path = model;
			sourceTree = "<group>";
		};
		CE17E92D270B505A0005E810 /* Frameworks */ = {
			isa = PBXGroup;
			children = (
				CE17E92E270B505A0005E810 /* ExternalAccessory.framework */,
			);
			name = Frameworks;
			sourceTree = "<group>";
		};
		CE8B2E322716EE7000666498 /* oauth */ = {
			isa = PBXGroup;
			children = (
				CEBC9A0D2719AE61001DD73A /* data */,
				CEBC9A0E2719AE9B001DD73A /* domain */,
			);
			path = oauth;
			sourceTree = "<group>";
		};
		CEBC9A0C2719AE47001DD73A /* mapper */ = {
			isa = PBXGroup;
			children = (
				CEBC9A072719AE19001DD73A /* FlickrOauthMapper.swift */,
			);
			path = mapper;
			sourceTree = "<group>";
		};
		CEBC9A0D2719AE61001DD73A /* data */ = {
			isa = PBXGroup;
			children = (
				CEBC9A152719AEDC001DD73A /* api */,
			);
			path = data;
			sourceTree = "<group>";
		};
		CEBC9A0E2719AE9B001DD73A /* domain */ = {
			isa = PBXGroup;
			children = (
				CE11356D271C4A29000B8812 /* model */,
				CEBC9A0C2719AE47001DD73A /* mapper */,
				CE17E91B270B49110005E810 /* OauthHelper.swift */,
				CE341E492705E6F20058624D /* FlickrOauthService.swift */,
			);
			path = domain;
			sourceTree = "<group>";
		};
		CEBC9A152719AEDC001DD73A /* api */ = {
			isa = PBXGroup;
			children = (
				CE17E90C270AE4130005E810 /* FlickrOauthApi.swift */,
			);
			path = api;
			sourceTree = "<group>";
		};
		CEE0440C27058D57007A0D1F = {
			isa = PBXGroup;
			children = (
				CEE0441727058D57007A0D1F /* flickr */,
				CEE0442E27058D58007A0D1F /* flickrTests */,
				CEE0443927058D58007A0D1F /* flickrUITests */,
				CEE0441627058D57007A0D1F /* Products */,
				CE17E92D270B505A0005E810 /* Frameworks */,
			);
			sourceTree = "<group>";
		};
		CEE0441627058D57007A0D1F /* Products */ = {
			isa = PBXGroup;
			children = (
				CEE0441527058D57007A0D1F /* flickr.app */,
				CEE0442B27058D58007A0D1F /* flickrTests.xctest */,
				CEE0443627058D58007A0D1F /* flickrUITests.xctest */,
			);
			name = Products;
			sourceTree = "<group>";
		};
		CEE0441727058D57007A0D1F /* flickr */ = {
			isa = PBXGroup;
			children = (
				CEE2ACE7272198AF009969E7 /* core_network */,
				CE8B2E322716EE7000666498 /* oauth */,
				CE17E933270B50620005E810 /* flickr.entitlements */,
				CE17E92C270B505A0005E810 /* flickrRelease.entitlements */,
				CEE0441827058D57007A0D1F /* AppDelegate.swift */,
				CEE0441A27058D57007A0D1F /* SceneDelegate.swift */,
				CEE0441C27058D57007A0D1F /* ViewController.swift */,
				CEE0441E27058D57007A0D1F /* Main.storyboard */,
				CEE0442127058D57007A0D1F /* Assets.xcassets */,
				CEE0442327058D57007A0D1F /* LaunchScreen.storyboard */,
				CEE0442627058D57007A0D1F /* Info.plist */,
			);
			path = flickr;
			sourceTree = "<group>";
		};
		CEE0442E27058D58007A0D1F /* flickrTests */ = {
			isa = PBXGroup;
			children = (
				CEE0442F27058D58007A0D1F /* flickrTests.swift */,
				CEE0443127058D58007A0D1F /* Info.plist */,
			);
			path = flickrTests;
			sourceTree = "<group>";
		};
		CEE0443927058D58007A0D1F /* flickrUITests */ = {
			isa = PBXGroup;
			children = (
				CEE0443A27058D58007A0D1F /* flickrUITests.swift */,
				CEE0443C27058D58007A0D1F /* Info.plist */,
			);
			path = flickrUITests;
			sourceTree = "<group>";
		};
		CEE2ACE7272198AF009969E7 /* core_network */ = {
			isa = PBXGroup;
			children = (
				CEE2AD0B2721A9C2009969E7 /* request */,
				CEE2ACF52721A388009969E7 /* response */,
				CEE2ACEC2721996F009969E7 /* service */,
				CEE2ACEB2721990C009969E7 /* api */,
			);
			path = core_network;
			sourceTree = "<group>";
		};
		CEE2ACEB2721990C009969E7 /* api */ = {
			isa = PBXGroup;
			children = (
				CE8B2E2D2716EAC900666498 /* EndpointApi.swift */,
			);
			path = api;
			sourceTree = "<group>";
		};
		CEE2ACEC2721996F009969E7 /* service */ = {
			isa = PBXGroup;
			children = (
				CEE2ACED27219987009969E7 /* FlickrService.swift */,
			);
			path = service;
			sourceTree = "<group>";
		};
		CEE2ACF52721A388009969E7 /* response */ = {
			isa = PBXGroup;
			children = (
				CEE2ACF62721A3A3009969E7 /* FlickrPhotosInfoResponse.swift */,
				CEE2ACFE2721A3EB009969E7 /* FlickrPhotosResponse.swift */,
			);
			path = response;
			sourceTree = "<group>";
		};
		CEE2AD0B2721A9C2009969E7 /* request */ = {
			isa = PBXGroup;
			children = (
			);
			path = request;
			sourceTree = "<group>";
		};
/* End PBXGroup section */

/* Begin PBXNativeTarget section */
		CEE0441427058D57007A0D1F /* flickr */ = {
			isa = PBXNativeTarget;
			buildConfigurationList = CEE0443F27058D58007A0D1F /* Build configuration list for PBXNativeTarget "flickr" */;
			buildPhases = (
				CEE0441127058D57007A0D1F /* Sources */,
				CEE0441227058D57007A0D1F /* Frameworks */,
				CEE0441327058D57007A0D1F /* Resources */,
			);
			buildRules = (
			);
			dependencies = (
			);
			name = flickr;
			productName = flickr;
			productReference = CEE0441527058D57007A0D1F /* flickr.app */;
			productType = "com.apple.product-type.application";
		};
		CEE0442A27058D58007A0D1F /* flickrTests */ = {
			isa = PBXNativeTarget;
			buildConfigurationList = CEE0444227058D58007A0D1F /* Build configuration list for PBXNativeTarget "flickrTests" */;
			buildPhases = (
				CEE0442727058D58007A0D1F /* Sources */,
				CEE0442827058D58007A0D1F /* Frameworks */,
				CEE0442927058D58007A0D1F /* Resources */,
			);
			buildRules = (
			);
			dependencies = (
				CEE0442D27058D58007A0D1F /* PBXTargetDependency */,
			);
			name = flickrTests;
			productName = flickrTests;
			productReference = CEE0442B27058D58007A0D1F /* flickrTests.xctest */;
			productType = "com.apple.product-type.bundle.unit-test";
		};
		CEE0443527058D58007A0D1F /* flickrUITests */ = {
			isa = PBXNativeTarget;
			buildConfigurationList = CEE0444527058D58007A0D1F /* Build configuration list for PBXNativeTarget "flickrUITests" */;
			buildPhases = (
				CEE0443227058D58007A0D1F /* Sources */,
				CEE0443327058D58007A0D1F /* Frameworks */,
				CEE0443427058D58007A0D1F /* Resources */,
			);
			buildRules = (
			);
			dependencies = (
				CEE0443827058D58007A0D1F /* PBXTargetDependency */,
			);
			name = flickrUITests;
			productName = flickrUITests;
			productReference = CEE0443627058D58007A0D1F /* flickrUITests.xctest */;
			productType = "com.apple.product-type.bundle.ui-testing";
		};
/* End PBXNativeTarget section */

/* Begin PBXProject section */
		CEE0440D27058D57007A0D1F /* Project object */ = {
			isa = PBXProject;
			attributes = {
				LastSwiftUpdateCheck = 1240;
				LastUpgradeCheck = 1240;
				TargetAttributes = {
					CEE0441427058D57007A0D1F = {
						CreatedOnToolsVersion = 12.4;
					};
					CEE0442A27058D58007A0D1F = {
						CreatedOnToolsVersion = 12.4;
						TestTargetID = CEE0441427058D57007A0D1F;
					};
					CEE0443527058D58007A0D1F = {
						CreatedOnToolsVersion = 12.4;
						TestTargetID = CEE0441427058D57007A0D1F;
					};
				};
			};
			buildConfigurationList = CEE0441027058D57007A0D1F /* Build configuration list for PBXProject "flickr" */;
			compatibilityVersion = "Xcode 9.3";
			developmentRegion = en;
			hasScannedForEncodings = 0;
			knownRegions = (
				en,
				Base,
			);
			mainGroup = CEE0440C27058D57007A0D1F;
			productRefGroup = CEE0441627058D57007A0D1F /* Products */;
			projectDirPath = "";
			projectRoot = "";
			targets = (
				CEE0441427058D57007A0D1F /* flickr */,
				CEE0442A27058D58007A0D1F /* flickrTests */,
				CEE0443527058D58007A0D1F /* flickrUITests */,
			);
		};
/* End PBXProject section */

/* Begin PBXResourcesBuildPhase section */
		CEE0441327058D57007A0D1F /* Resources */ = {
			isa = PBXResourcesBuildPhase;
			buildActionMask = 2147483647;
			files = (
				CEE0442527058D57007A0D1F /* LaunchScreen.storyboard in Resources */,
				CEE0442227058D57007A0D1F /* Assets.xcassets in Resources */,
				CEE0442027058D57007A0D1F /* Main.storyboard in Resources */,
			);
			runOnlyForDeploymentPostprocessing = 0;
		};
		CEE0442927058D58007A0D1F /* Resources */ = {
			isa = PBXResourcesBuildPhase;
			buildActionMask = 2147483647;
			files = (
			);
			runOnlyForDeploymentPostprocessing = 0;
		};
		CEE0443427058D58007A0D1F /* Resources */ = {
			isa = PBXResourcesBuildPhase;
			buildActionMask = 2147483647;
			files = (
			);
			runOnlyForDeploymentPostprocessing = 0;
		};
/* End PBXResourcesBuildPhase section */

/* Begin PBXSourcesBuildPhase section */
		CEE0441127058D57007A0D1F /* Sources */ = {
			isa = PBXSourcesBuildPhase;
			buildActionMask = 2147483647;
			files = (
				CEE2ACFF2721A3EB009969E7 /* FlickrPhotosResponse.swift in Sources */,
				CE113569271C4A22000B8812 /* RequestAccessTokenInput.swift in Sources */,
				CE8B2E2E2716EAC900666498 /* EndpointApi.swift in Sources */,
				CEE2ACEE27219987009969E7 /* FlickrService.swift in Sources */,
				CEE0441D27058D57007A0D1F /* ViewController.swift in Sources */,
				CEE2ACF72721A3A3009969E7 /* FlickrPhotosInfoResponse.swift in Sources */,
				CEE0441927058D57007A0D1F /* AppDelegate.swift in Sources */,
				CEBC9A082719AE19001DD73A /* FlickrOauthMapper.swift in Sources */,
				CE341E4A2705E6F20058624D /* FlickrOauthService.swift in Sources */,
				CE17E91C270B49110005E810 /* OauthHelper.swift in Sources */,
				CEE0441B27058D57007A0D1F /* SceneDelegate.swift in Sources */,
				CE17E90D270AE4130005E810 /* FlickrOauthApi.swift in Sources */,
			);
			runOnlyForDeploymentPostprocessing = 0;
		};
		CEE0442727058D58007A0D1F /* Sources */ = {
			isa = PBXSourcesBuildPhase;
			buildActionMask = 2147483647;
			files = (
				CEE0443027058D58007A0D1F /* flickrTests.swift in Sources */,
			);
			runOnlyForDeploymentPostprocessing = 0;
		};
		CEE0443227058D58007A0D1F /* Sources */ = {
			isa = PBXSourcesBuildPhase;
			buildActionMask = 2147483647;
			files = (
				CEE0443B27058D58007A0D1F /* flickrUITests.swift in Sources */,
			);
			runOnlyForDeploymentPostprocessing = 0;
		};
/* End PBXSourcesBuildPhase section */

/* Begin PBXTargetDependency section */
		CEE0442D27058D58007A0D1F /* PBXTargetDependency */ = {
			isa = PBXTargetDependency;
			target = CEE0441427058D57007A0D1F /* flickr */;
			targetProxy = CEE0442C27058D58007A0D1F /* PBXContainerItemProxy */;
		};
		CEE0443827058D58007A0D1F /* PBXTargetDependency */ = {
			isa = PBXTargetDependency;
			target = CEE0441427058D57007A0D1F /* flickr */;
			targetProxy = CEE0443727058D58007A0D1F /* PBXContainerItemProxy */;
		};
/* End PBXTargetDependency section */

/* Begin PBXVariantGroup section */
		CEE0441E27058D57007A0D1F /* Main.storyboard */ = {
			isa = PBXVariantGroup;
			children = (
				CEE0441F27058D57007A0D1F /* Base */,
			);
			name = Main.storyboard;
			sourceTree = "<group>";
		};
		CEE0442327058D57007A0D1F /* LaunchScreen.storyboard */ = {
			isa = PBXVariantGroup;
			children = (
				CEE0442427058D57007A0D1F /* Base */,
			);
			name = LaunchScreen.storyboard;
			sourceTree = "<group>";
		};
/* End PBXVariantGroup section */

/* Begin XCBuildConfiguration section */
		CEE0443D27058D58007A0D1F /* Debug */ = {
			isa = XCBuildConfiguration;
			buildSettings = {
				ALWAYS_SEARCH_USER_PATHS = NO;
				CLANG_ANALYZER_NONNULL = YES;
				CLANG_ANALYZER_NUMBER_OBJECT_CONVERSION = YES_AGGRESSIVE;
				CLANG_CXX_LANGUAGE_STANDARD = "gnu++14";
				CLANG_CXX_LIBRARY = "libc++";
				CLANG_ENABLE_MODULES = YES;
				CLANG_ENABLE_OBJC_ARC = YES;
				CLANG_ENABLE_OBJC_WEAK = YES;
				CLANG_WARN_BLOCK_CAPTURE_AUTORELEASING = YES;
				CLANG_WARN_BOOL_CONVERSION = YES;
				CLANG_WARN_COMMA = YES;
				CLANG_WARN_CONSTANT_CONVERSION = YES;
				CLANG_WARN_DEPRECATED_OBJC_IMPLEMENTATIONS = YES;
				CLANG_WARN_DIRECT_OBJC_ISA_USAGE = YES_ERROR;
				CLANG_WARN_DOCUMENTATION_COMMENTS = YES;
				CLANG_WARN_EMPTY_BODY = YES;
				CLANG_WARN_ENUM_CONVERSION = YES;
				CLANG_WARN_INFINITE_RECURSION = YES;
				CLANG_WARN_INT_CONVERSION = YES;
				CLANG_WARN_NON_LITERAL_NULL_CONVERSION = YES;
				CLANG_WARN_OBJC_IMPLICIT_RETAIN_SELF = YES;
				CLANG_WARN_OBJC_LITERAL_CONVERSION = YES;
				CLANG_WARN_OBJC_ROOT_CLASS = YES_ERROR;
				CLANG_WARN_QUOTED_INCLUDE_IN_FRAMEWORK_HEADER = YES;
				CLANG_WARN_RANGE_LOOP_ANALYSIS = YES;
				CLANG_WARN_STRICT_PROTOTYPES = YES;
				CLANG_WARN_SUSPICIOUS_MOVE = YES;
				CLANG_WARN_UNGUARDED_AVAILABILITY = YES_AGGRESSIVE;
				CLANG_WARN_UNREACHABLE_CODE = YES;
				CLANG_WARN__DUPLICATE_METHOD_MATCH = YES;
				COPY_PHASE_STRIP = NO;
				DEBUG_INFORMATION_FORMAT = dwarf;
				ENABLE_STRICT_OBJC_MSGSEND = YES;
				ENABLE_TESTABILITY = YES;
				GCC_C_LANGUAGE_STANDARD = gnu11;
				GCC_DYNAMIC_NO_PIC = NO;
				GCC_NO_COMMON_BLOCKS = YES;
				GCC_OPTIMIZATION_LEVEL = 0;
				GCC_PREPROCESSOR_DEFINITIONS = (
					"DEBUG=1",
					"$(inherited)",
				);
				GCC_WARN_64_TO_32_BIT_CONVERSION = YES;
				GCC_WARN_ABOUT_RETURN_TYPE = YES_ERROR;
				GCC_WARN_UNDECLARED_SELECTOR = YES;
				GCC_WARN_UNINITIALIZED_AUTOS = YES_AGGRESSIVE;
				GCC_WARN_UNUSED_FUNCTION = YES;
				GCC_WARN_UNUSED_VARIABLE = YES;
				IPHONEOS_DEPLOYMENT_TARGET = 14.4;
				MTL_ENABLE_DEBUG_INFO = INCLUDE_SOURCE;
				MTL_FAST_MATH = YES;
				ONLY_ACTIVE_ARCH = YES;
				SDKROOT = iphoneos;
				SWIFT_ACTIVE_COMPILATION_CONDITIONS = DEBUG;
				SWIFT_OPTIMIZATION_LEVEL = "-Onone";
			};
			name = Debug;
		};
		CEE0443E27058D58007A0D1F /* Release */ = {
			isa = XCBuildConfiguration;
			buildSettings = {
				ALWAYS_SEARCH_USER_PATHS = NO;
				CLANG_ANALYZER_NONNULL = YES;
				CLANG_ANALYZER_NUMBER_OBJECT_CONVERSION = YES_AGGRESSIVE;
				CLANG_CXX_LANGUAGE_STANDARD = "gnu++14";
				CLANG_CXX_LIBRARY = "libc++";
				CLANG_ENABLE_MODULES = YES;
				CLANG_ENABLE_OBJC_ARC = YES;
				CLANG_ENABLE_OBJC_WEAK = YES;
				CLANG_WARN_BLOCK_CAPTURE_AUTORELEASING = YES;
				CLANG_WARN_BOOL_CONVERSION = YES;
				CLANG_WARN_COMMA = YES;
				CLANG_WARN_CONSTANT_CONVERSION = YES;
				CLANG_WARN_DEPRECATED_OBJC_IMPLEMENTATIONS = YES;
				CLANG_WARN_DIRECT_OBJC_ISA_USAGE = YES_ERROR;
				CLANG_WARN_DOCUMENTATION_COMMENTS = YES;
				CLANG_WARN_EMPTY_BODY = YES;
				CLANG_WARN_ENUM_CONVERSION = YES;
				CLANG_WARN_INFINITE_RECURSION = YES;
				CLANG_WARN_INT_CONVERSION = YES;
				CLANG_WARN_NON_LITERAL_NULL_CONVERSION = YES;
				CLANG_WARN_OBJC_IMPLICIT_RETAIN_SELF = YES;
				CLANG_WARN_OBJC_LITERAL_CONVERSION = YES;
				CLANG_WARN_OBJC_ROOT_CLASS = YES_ERROR;
				CLANG_WARN_QUOTED_INCLUDE_IN_FRAMEWORK_HEADER = YES;
				CLANG_WARN_RANGE_LOOP_ANALYSIS = YES;
				CLANG_WARN_STRICT_PROTOTYPES = YES;
				CLANG_WARN_SUSPICIOUS_MOVE = YES;
				CLANG_WARN_UNGUARDED_AVAILABILITY = YES_AGGRESSIVE;
				CLANG_WARN_UNREACHABLE_CODE = YES;
				CLANG_WARN__DUPLICATE_METHOD_MATCH = YES;
				COPY_PHASE_STRIP = NO;
				DEBUG_INFORMATION_FORMAT = "dwarf-with-dsym";
				ENABLE_NS_ASSERTIONS = NO;
				ENABLE_STRICT_OBJC_MSGSEND = YES;
				GCC_C_LANGUAGE_STANDARD = gnu11;
				GCC_NO_COMMON_BLOCKS = YES;
				GCC_WARN_64_TO_32_BIT_CONVERSION = YES;
				GCC_WARN_ABOUT_RETURN_TYPE = YES_ERROR;
				GCC_WARN_UNDECLARED_SELECTOR = YES;
				GCC_WARN_UNINITIALIZED_AUTOS = YES_AGGRESSIVE;
				GCC_WARN_UNUSED_FUNCTION = YES;
				GCC_WARN_UNUSED_VARIABLE = YES;
				IPHONEOS_DEPLOYMENT_TARGET = 14.4;
				MTL_ENABLE_DEBUG_INFO = NO;
				MTL_FAST_MATH = YES;
				SDKROOT = iphoneos;
				SWIFT_COMPILATION_MODE = wholemodule;
				SWIFT_OPTIMIZATION_LEVEL = "-O";
				VALIDATE_PRODUCT = YES;
			};
			name = Release;
		};
		CEE0444027058D58007A0D1F /* Debug */ = {
			isa = XCBuildConfiguration;
			buildSettings = {
				ASSETCATALOG_COMPILER_APPICON_NAME = AppIcon;
				ASSETCATALOG_COMPILER_GLOBAL_ACCENT_COLOR_NAME = AccentColor;
				CODE_SIGN_ENTITLEMENTS = flickr/flickr.entitlements;
				CODE_SIGN_IDENTITY = "Apple Development";
				CODE_SIGN_STYLE = Automatic;
				DEVELOPMENT_TEAM = FUX2YQ4UF8;
				INFOPLIST_FILE = flickr/Info.plist;
				LD_RUNPATH_SEARCH_PATHS = (
					"$(inherited)",
					"@executable_path/Frameworks",
				);
				PRODUCT_BUNDLE_IDENTIFIER = by.nerallan.flickr;
				PRODUCT_NAME = "$(TARGET_NAME)";
				PROVISIONING_PROFILE_SPECIFIER = "";
				SWIFT_VERSION = 5.0;
				TARGETED_DEVICE_FAMILY = "1,2";
			};
			name = Debug;
		};
		CEE0444127058D58007A0D1F /* Release */ = {
			isa = XCBuildConfiguration;
			buildSettings = {
				ASSETCATALOG_COMPILER_APPICON_NAME = AppIcon;
				ASSETCATALOG_COMPILER_GLOBAL_ACCENT_COLOR_NAME = AccentColor;
				CODE_SIGN_ENTITLEMENTS = flickr/flickrRelease.entitlements;
				CODE_SIGN_STYLE = Automatic;
				DEVELOPMENT_TEAM = FUX2YQ4UF8;
				INFOPLIST_FILE = flickr/Info.plist;
				LD_RUNPATH_SEARCH_PATHS = (
					"$(inherited)",
					"@executable_path/Frameworks",
				);
				PRODUCT_BUNDLE_IDENTIFIER = by.nerallan.flickr;
				PRODUCT_NAME = "$(TARGET_NAME)";
				SWIFT_VERSION = 5.0;
				TARGETED_DEVICE_FAMILY = "1,2";
			};
			name = Release;
		};
		CEE0444327058D58007A0D1F /* Debug */ = {
			isa = XCBuildConfiguration;
			buildSettings = {
				ALWAYS_EMBED_SWIFT_STANDARD_LIBRARIES = YES;
				BUNDLE_LOADER = "$(TEST_HOST)";
				CODE_SIGN_STYLE = Automatic;
				DEVELOPMENT_TEAM = FUX2YQ4UF8;
				INFOPLIST_FILE = flickrTests/Info.plist;
				IPHONEOS_DEPLOYMENT_TARGET = 14.4;
				LD_RUNPATH_SEARCH_PATHS = (
					"$(inherited)",
					"@executable_path/Frameworks",
					"@loader_path/Frameworks",
				);
				PRODUCT_BUNDLE_IDENTIFIER = by.nerallan.flickrTests;
				PRODUCT_NAME = "$(TARGET_NAME)";
				SWIFT_VERSION = 5.0;
				TARGETED_DEVICE_FAMILY = "1,2";
				TEST_HOST = "$(BUILT_PRODUCTS_DIR)/flickr.app/flickr";
			};
			name = Debug;
		};
		CEE0444427058D58007A0D1F /* Release */ = {
			isa = XCBuildConfiguration;
			buildSettings = {
				ALWAYS_EMBED_SWIFT_STANDARD_LIBRARIES = YES;
				BUNDLE_LOADER = "$(TEST_HOST)";
				CODE_SIGN_STYLE = Automatic;
				DEVELOPMENT_TEAM = FUX2YQ4UF8;
				INFOPLIST_FILE = flickrTests/Info.plist;
				IPHONEOS_DEPLOYMENT_TARGET = 14.4;
				LD_RUNPATH_SEARCH_PATHS = (
					"$(inherited)",
					"@executable_path/Frameworks",
					"@loader_path/Frameworks",
				);
				PRODUCT_BUNDLE_IDENTIFIER = by.nerallan.flickrTests;
				PRODUCT_NAME = "$(TARGET_NAME)";
				SWIFT_VERSION = 5.0;
				TARGETED_DEVICE_FAMILY = "1,2";
				TEST_HOST = "$(BUILT_PRODUCTS_DIR)/flickr.app/flickr";
			};
			name = Release;
		};
		CEE0444627058D58007A0D1F /* Debug */ = {
			isa = XCBuildConfiguration;
			buildSettings = {
				ALWAYS_EMBED_SWIFT_STANDARD_LIBRARIES = YES;
				CODE_SIGN_STYLE = Automatic;
				DEVELOPMENT_TEAM = FUX2YQ4UF8;
				INFOPLIST_FILE = flickrUITests/Info.plist;
				LD_RUNPATH_SEARCH_PATHS = (
					"$(inherited)",
					"@executable_path/Frameworks",
					"@loader_path/Frameworks",
				);
				PRODUCT_BUNDLE_IDENTIFIER = by.nerallan.flickrUITests;
				PRODUCT_NAME = "$(TARGET_NAME)";
				PROVISIONING_PROFILE = "";
				SWIFT_VERSION = 5.0;
				TARGETED_DEVICE_FAMILY = "1,2";
				TEST_TARGET_NAME = flickr;
			};
			name = Debug;
		};
		CEE0444727058D58007A0D1F /* Release */ = {
			isa = XCBuildConfiguration;
			buildSettings = {
				ALWAYS_EMBED_SWIFT_STANDARD_LIBRARIES = YES;
				CODE_SIGN_STYLE = Automatic;
				DEVELOPMENT_TEAM = FUX2YQ4UF8;
				INFOPLIST_FILE = flickrUITests/Info.plist;
				LD_RUNPATH_SEARCH_PATHS = (
					"$(inherited)",
					"@executable_path/Frameworks",
					"@loader_path/Frameworks",
				);
				PRODUCT_BUNDLE_IDENTIFIER = by.nerallan.flickrUITests;
				PRODUCT_NAME = "$(TARGET_NAME)";
				PROVISIONING_PROFILE = "";
				SWIFT_VERSION = 5.0;
				TARGETED_DEVICE_FAMILY = "1,2";
				TEST_TARGET_NAME = flickr;
			};
			name = Release;
		};
/* End XCBuildConfiguration section */

/* Begin XCConfigurationList section */
		CEE0441027058D57007A0D1F /* Build configuration list for PBXProject "flickr" */ = {
			isa = XCConfigurationList;
			buildConfigurations = (
				CEE0443D27058D58007A0D1F /* Debug */,
				CEE0443E27058D58007A0D1F /* Release */,
			);
			defaultConfigurationIsVisible = 0;
			defaultConfigurationName = Release;
		};
		CEE0443F27058D58007A0D1F /* Build configuration list for PBXNativeTarget "flickr" */ = {
			isa = XCConfigurationList;
			buildConfigurations = (
				CEE0444027058D58007A0D1F /* Debug */,
				CEE0444127058D58007A0D1F /* Release */,
			);
			defaultConfigurationIsVisible = 0;
			defaultConfigurationName = Release;
		};
		CEE0444227058D58007A0D1F /* Build configuration list for PBXNativeTarget "flickrTests" */ = {
			isa = XCConfigurationList;
			buildConfigurations = (
				CEE0444327058D58007A0D1F /* Debug */,
				CEE0444427058D58007A0D1F /* Release */,
			);
			defaultConfigurationIsVisible = 0;
			defaultConfigurationName = Release;
		};
		CEE0444527058D58007A0D1F /* Build configuration list for PBXNativeTarget "flickrUITests" */ = {
			isa = XCConfigurationList;
			buildConfigurations = (
				CEE0444627058D58007A0D1F /* Debug */,
				CEE0444727058D58007A0D1F /* Release */,
			);
			defaultConfigurationIsVisible = 0;
			defaultConfigurationName = Release;
		};
/* End XCConfigurationList section */
	};
	rootObject = CEE0440D27058D57007A0D1F /* Project object */;
}
